// !$*UTF8*$!
{
	archiveVersion = 1;
	classes = {
	};
	objectVersion = 50;
	objects = {

/* Begin PBXBuildFile section */
		161CE8B32204B31500A1536A /* CuentaService.swift in Sources */ = {isa = PBXBuildFile; fileRef = 161CE8B22204B31500A1536A /* CuentaService.swift */; };
		16F7A6192203D958008B4C40 /* AppDelegate.swift in Sources */ = {isa = PBXBuildFile; fileRef = 16F7A6182203D958008B4C40 /* AppDelegate.swift */; };
		16F7A61B2203D958008B4C40 /* ViewController.swift in Sources */ = {isa = PBXBuildFile; fileRef = 16F7A61A2203D958008B4C40 /* ViewController.swift */; };
		16F7A6202203D95A008B4C40 /* Assets.xcassets in Resources */ = {isa = PBXBuildFile; fileRef = 16F7A61F2203D95A008B4C40 /* Assets.xcassets */; };
		16F7A62E2203D95B008B4C40 /* cuenta_bancaria_libTests.swift in Sources */ = {isa = PBXBuildFile; fileRef = 16F7A62D2203D95B008B4C40 /* cuenta_bancaria_libTests.swift */; };
		16F7A6392203D95B008B4C40 /* cuenta_bancaria_libUITests.swift in Sources */ = {isa = PBXBuildFile; fileRef = 16F7A6382203D95B008B4C40 /* cuenta_bancaria_libUITests.swift */; };
		16F7A6482203E438008B4C40 /* Cuenta.swift in Sources */ = {isa = PBXBuildFile; fileRef = 16F7A6472203E438008B4C40 /* Cuenta.swift */; };
/* End PBXBuildFile section */

/* Begin PBXContainerItemProxy section */
		16F7A62A2203D95B008B4C40 /* PBXContainerItemProxy */ = {
			isa = PBXContainerItemProxy;
			containerPortal = 16F7A60D2203D958008B4C40 /* Project object */;
			proxyType = 1;
			remoteGlobalIDString = 16F7A6142203D958008B4C40;
			remoteInfo = "cuenta-bancaria-lib";
		};
		16F7A6352203D95B008B4C40 /* PBXContainerItemProxy */ = {
			isa = PBXContainerItemProxy;
			containerPortal = 16F7A60D2203D958008B4C40 /* Project object */;
			proxyType = 1;
			remoteGlobalIDString = 16F7A6142203D958008B4C40;
			remoteInfo = "cuenta-bancaria-lib";
		};
/* End PBXContainerItemProxy section */

/* Begin PBXFileReference section */
		161CE8B22204B31500A1536A /* CuentaService.swift */ = {isa = PBXFileReference; lastKnownFileType = sourcecode.swift; path = CuentaService.swift; sourceTree = "<group>"; };
		16F7A6152203D958008B4C40 /* cuenta-bancaria-lib.app */ = {isa = PBXFileReference; explicitFileType = wrapper.application; includeInIndex = 0; path = "cuenta-bancaria-lib.app"; sourceTree = BUILT_PRODUCTS_DIR; };
		16F7A6182203D958008B4C40 /* AppDelegate.swift */ = {isa = PBXFileReference; lastKnownFileType = sourcecode.swift; path = AppDelegate.swift; sourceTree = "<group>"; };
		16F7A61A2203D958008B4C40 /* ViewController.swift */ = {isa = PBXFileReference; lastKnownFileType = sourcecode.swift; path = ViewController.swift; sourceTree = "<group>"; };
		16F7A61F2203D95A008B4C40 /* Assets.xcassets */ = {isa = PBXFileReference; lastKnownFileType = folder.assetcatalog; path = Assets.xcassets; sourceTree = "<group>"; };
		16F7A6242203D95A008B4C40 /* Info.plist */ = {isa = PBXFileReference; lastKnownFileType = text.plist.xml; path = Info.plist; sourceTree = "<group>"; };
		16F7A6292203D95B008B4C40 /* cuenta-bancaria-libTests.xctest */ = {isa = PBXFileReference; explicitFileType = wrapper.cfbundle; includeInIndex = 0; path = "cuenta-bancaria-libTests.xctest"; sourceTree = BUILT_PRODUCTS_DIR; };
		16F7A62D2203D95B008B4C40 /* cuenta_bancaria_libTests.swift */ = {isa = PBXFileReference; lastKnownFileType = sourcecode.swift; path = cuenta_bancaria_libTests.swift; sourceTree = "<group>"; };
		16F7A62F2203D95B008B4C40 /* Info.plist */ = {isa = PBXFileReference; lastKnownFileType = text.plist.xml; path = Info.plist; sourceTree = "<group>"; };
		16F7A6342203D95B008B4C40 /* cuenta-bancaria-libUITests.xctest */ = {isa = PBXFileReference; explicitFileType = wrapper.cfbundle; includeInIndex = 0; path = "cuenta-bancaria-libUITests.xctest"; sourceTree = BUILT_PRODUCTS_DIR; };
		16F7A6382203D95B008B4C40 /* cuenta_bancaria_libUITests.swift */ = {isa = PBXFileReference; lastKnownFileType = sourcecode.swift; path = cuenta_bancaria_libUITests.swift; sourceTree = "<group>"; };
		16F7A63A2203D95B008B4C40 /* Info.plist */ = {isa = PBXFileReference; lastKnownFileType = text.plist.xml; path = Info.plist; sourceTree = "<group>"; };
		16F7A6472203E438008B4C40 /* Cuenta.swift */ = {isa = PBXFileReference; lastKnownFileType = sourcecode.swift; path = Cuenta.swift; sourceTree = "<group>"; };
/* End PBXFileReference section */

/* Begin PBXFrameworksBuildPhase section */
		16F7A6122203D958008B4C40 /* Frameworks */ = {
			isa = PBXFrameworksBuildPhase;
			buildActionMask = 2147483647;
			files = (
			);
			runOnlyForDeploymentPostprocessing = 0;
		};
		16F7A6262203D95B008B4C40 /* Frameworks */ = {
			isa = PBXFrameworksBuildPhase;
			buildActionMask = 2147483647;
			files = (
			);
			runOnlyForDeploymentPostprocessing = 0;
		};
		16F7A6312203D95B008B4C40 /* Frameworks */ = {
			isa = PBXFrameworksBuildPhase;
			buildActionMask = 2147483647;
			files = (
			);
			runOnlyForDeploymentPostprocessing = 0;
		};
/* End PBXFrameworksBuildPhase section */

/* Begin PBXGroup section */
		161CE8A7220491EB00A1536A /* Shared */ = {
			isa = PBXGroup;
			children = (
				16F7A6472203E438008B4C40 /* Cuenta.swift */,
				161CE8B22204B31500A1536A /* CuentaService.swift */,
			);
			path = Shared;
			sourceTree = "<group>";
		};
		16F7A60C2203D958008B4C40 = {
			isa = PBXGroup;
			children = (
				16F7A6172203D958008B4C40 /* cuenta-bancaria-lib */,
				16F7A62C2203D95B008B4C40 /* cuenta-bancaria-libTests */,
				16F7A6372203D95B008B4C40 /* cuenta-bancaria-libUITests */,
				16F7A6162203D958008B4C40 /* Products */,
			);
			sourceTree = "<group>";
		};
		16F7A6162203D958008B4C40 /* Products */ = {
			isa = PBXGroup;
			children = (
				16F7A6152203D958008B4C40 /* cuenta-bancaria-lib.app */,
				16F7A6292203D95B008B4C40 /* cuenta-bancaria-libTests.xctest */,
				16F7A6342203D95B008B4C40 /* cuenta-bancaria-libUITests.xctest */,
			);
			name = Products;
			sourceTree = "<group>";
		};
		16F7A6172203D958008B4C40 /* cuenta-bancaria-lib */ = {
			isa = PBXGroup;
			children = (
				161CE8A7220491EB00A1536A /* Shared */,
				16F7A6462203E420008B4C40 /* TestApp */,
				16F7A61F2203D95A008B4C40 /* Assets.xcassets */,
				16F7A6242203D95A008B4C40 /* Info.plist */,
			);
			path = "cuenta-bancaria-lib";
			sourceTree = "<group>";
		};
		16F7A62C2203D95B008B4C40 /* cuenta-bancaria-libTests */ = {
			isa = PBXGroup;
			children = (
				16F7A62D2203D95B008B4C40 /* cuenta_bancaria_libTests.swift */,
				16F7A62F2203D95B008B4C40 /* Info.plist */,
			);
			path = "cuenta-bancaria-libTests";
			sourceTree = "<group>";
		};
		16F7A6372203D95B008B4C40 /* cuenta-bancaria-libUITests */ = {
			isa = PBXGroup;
			children = (
				16F7A6382203D95B008B4C40 /* cuenta_bancaria_libUITests.swift */,
				16F7A63A2203D95B008B4C40 /* Info.plist */,
			);
			path = "cuenta-bancaria-libUITests";
			sourceTree = "<group>";
		};
		16F7A6462203E420008B4C40 /* TestApp */ = {
			isa = PBXGroup;
			children = (
				16F7A6182203D958008B4C40 /* AppDelegate.swift */,
				16F7A61A2203D958008B4C40 /* ViewController.swift */,
			);
			path = TestApp;
			sourceTree = "<group>";
		};
/* End PBXGroup section */

/* Begin PBXNativeTarget section */
		16F7A6142203D958008B4C40 /* cuenta-bancaria-lib */ = {
			isa = PBXNativeTarget;
			buildConfigurationList = 16F7A63D2203D95B008B4C40 /* Build configuration list for PBXNativeTarget "cuenta-bancaria-lib" */;
			buildPhases = (
				16F7A6112203D958008B4C40 /* Sources */,
				16F7A6122203D958008B4C40 /* Frameworks */,
				16F7A6132203D958008B4C40 /* Resources */,
			);
			buildRules = (
			);
			dependencies = (
			);
			name = "cuenta-bancaria-lib";
			productName = "cuenta-bancaria-lib";
			productReference = 16F7A6152203D958008B4C40 /* cuenta-bancaria-lib.app */;
			productType = "com.apple.product-type.application";
		};
		16F7A6282203D95B008B4C40 /* cuenta-bancaria-libTests */ = {
			isa = PBXNativeTarget;
			buildConfigurationList = 16F7A6402203D95B008B4C40 /* Build configuration list for PBXNativeTarget "cuenta-bancaria-libTests" */;
			buildPhases = (
				16F7A6252203D95B008B4C40 /* Sources */,
				16F7A6262203D95B008B4C40 /* Frameworks */,
				16F7A6272203D95B008B4C40 /* Resources */,
			);
			buildRules = (
			);
			dependencies = (
				16F7A62B2203D95B008B4C40 /* PBXTargetDependency */,
			);
			name = "cuenta-bancaria-libTests";
			productName = "cuenta-bancaria-libTests";
			productReference = 16F7A6292203D95B008B4C40 /* cuenta-bancaria-libTests.xctest */;
			productType = "com.apple.product-type.bundle.unit-test";
		};
		16F7A6332203D95B008B4C40 /* cuenta-bancaria-libUITests */ = {
			isa = PBXNativeTarget;
			buildConfigurationList = 16F7A6432203D95B008B4C40 /* Build configuration list for PBXNativeTarget "cuenta-bancaria-libUITests" */;
			buildPhases = (
				16F7A6302203D95B008B4C40 /* Sources */,
				16F7A6312203D95B008B4C40 /* Frameworks */,
				16F7A6322203D95B008B4C40 /* Resources */,
			);
			buildRules = (
			);
			dependencies = (
				16F7A6362203D95B008B4C40 /* PBXTargetDependency */,
			);
			name = "cuenta-bancaria-libUITests";
			productName = "cuenta-bancaria-libUITests";
			productReference = 16F7A6342203D95B008B4C40 /* cuenta-bancaria-libUITests.xctest */;
			productType = "com.apple.product-type.bundle.ui-testing";
		};
/* End PBXNativeTarget section */

/* Begin PBXProject section */
		16F7A60D2203D958008B4C40 /* Project object */ = {
			isa = PBXProject;
			attributes = {
				LastSwiftUpdateCheck = 1010;
				LastUpgradeCheck = 1010;
				ORGANIZATIONNAME = "Accelerator-Meli";
				TargetAttributes = {
					16F7A6142203D958008B4C40 = {
						CreatedOnToolsVersion = 10.1;
						LastSwiftMigration = 1010;
					};
					16F7A6282203D95B008B4C40 = {
						CreatedOnToolsVersion = 10.1;
						TestTargetID = 16F7A6142203D958008B4C40;
					};
					16F7A6332203D95B008B4C40 = {
						CreatedOnToolsVersion = 10.1;
						TestTargetID = 16F7A6142203D958008B4C40;
					};
				};
			};
			buildConfigurationList = 16F7A6102203D958008B4C40 /* Build configuration list for PBXProject "cuenta-bancaria-lib" */;
			compatibilityVersion = "Xcode 9.3";
			developmentRegion = en;
			hasScannedForEncodings = 0;
			knownRegions = (
				en,
				Base,
			);
			mainGroup = 16F7A60C2203D958008B4C40;
			productRefGroup = 16F7A6162203D958008B4C40 /* Products */;
			projectDirPath = "";
			projectRoot = "";
			targets = (
				16F7A6142203D958008B4C40 /* cuenta-bancaria-lib */,
				16F7A6282203D95B008B4C40 /* cuenta-bancaria-libTests */,
				16F7A6332203D95B008B4C40 /* cuenta-bancaria-libUITests */,
			);
		};
/* End PBXProject section */

/* Begin PBXResourcesBuildPhase section */
		16F7A6132203D958008B4C40 /* Resources */ = {
			isa = PBXResourcesBuildPhase;
			buildActionMask = 2147483647;
			files = (
				16F7A6202203D95A008B4C40 /* Assets.xcassets in Resources */,
			);
			runOnlyForDeploymentPostprocessing = 0;
		};
		16F7A6272203D95B008B4C40 /* Resources */ = {
			isa = PBXResourcesBuildPhase;
			buildActionMask = 2147483647;
			files = (
			);
			runOnlyForDeploymentPostprocessing = 0;
		};
		16F7A6322203D95B008B4C40 /* Resources */ = {
			isa = PBXResourcesBuildPhase;
			buildActionMask = 2147483647;
			files = (
			);
			runOnlyForDeploymentPostprocessing = 0;
		};
/* End PBXResourcesBuildPhase section */

/* Begin PBXSourcesBuildPhase section */
		16F7A6112203D958008B4C40 /* Sources */ = {
			isa = PBXSourcesBuildPhase;
			buildActionMask = 2147483647;
			files = (
				16F7A6482203E438008B4C40 /* Cuenta.swift in Sources */,
				16F7A61B2203D958008B4C40 /* ViewController.swift in Sources */,
				16F7A6192203D958008B4C40 /* AppDelegate.swift in Sources */,
				161CE8B32204B31500A1536A /* CuentaService.swift in Sources */,
			);
			runOnlyForDeploymentPostprocessing = 0;
		};
		16F7A6252203D95B008B4C40 /* Sources */ = {
			isa = PBXSourcesBuildPhase;
			buildActionMask = 2147483647;
			files = (
				16F7A62E2203D95B008B4C40 /* cuenta_bancaria_libTests.swift in Sources */,
			);
			runOnlyForDeploymentPostprocessing = 0;
		};
		16F7A6302203D95B008B4C40 /* Sources */ = {
			isa = PBXSourcesBuildPhase;
			buildActionMask = 2147483647;
			files = (
				16F7A6392203D95B008B4C40 /* cuenta_bancaria_libUITests.swift in Sources */,
			);
			runOnlyForDeploymentPostprocessing = 0;
		};
/* End PBXSourcesBuildPhase section */

/* Begin PBXTargetDependency section */
		16F7A62B2203D95B008B4C40 /* PBXTargetDependency */ = {
			isa = PBXTargetDependency;
			target = 16F7A6142203D958008B4C40 /* cuenta-bancaria-lib */;
			targetProxy = 16F7A62A2203D95B008B4C40 /* PBXContainerItemProxy */;
		};
		16F7A6362203D95B008B4C40 /* PBXTargetDependency */ = {
			isa = PBXTargetDependency;
			target = 16F7A6142203D958008B4C40 /* cuenta-bancaria-lib */;
			targetProxy = 16F7A6352203D95B008B4C40 /* PBXContainerItemProxy */;
		};
/* End PBXTargetDependency section */

/* Begin XCBuildConfiguration section */
		16F7A63B2203D95B008B4C40 /* Debug */ = {
			isa = XCBuildConfiguration;
			buildSettings = {
				ALWAYS_SEARCH_USER_PATHS = NO;
				CLANG_ANALYZER_NONNULL = YES;
				CLANG_ANALYZER_NUMBER_OBJECT_CONVERSION = YES_AGGRESSIVE;
				CLANG_CXX_LANGUAGE_STANDARD = "gnu++14";
				CLANG_CXX_LIBRARY = "libc++";
				CLANG_ENABLE_MODULES = YES;
				CLANG_ENABLE_OBJC_ARC = YES;
				CLANG_ENABLE_OBJC_WEAK = YES;
				CLANG_WARN_BLOCK_CAPTURE_AUTORELEASING = YES;
				CLANG_WARN_BOOL_CONVERSION = YES;
				CLANG_WARN_COMMA = YES;
				CLANG_WARN_CONSTANT_CONVERSION = YES;
				CLANG_WARN_DEPRECATED_OBJC_IMPLEMENTATIONS = YES;
				CLANG_WARN_DIRECT_OBJC_ISA_USAGE = YES_ERROR;
				CLANG_WARN_DOCUMENTATION_COMMENTS = YES;
				CLANG_WARN_EMPTY_BODY = YES;
				CLANG_WARN_ENUM_CONVERSION = YES;
				CLANG_WARN_INFINITE_RECURSION = YES;
				CLANG_WARN_INT_CONVERSION = YES;
				CLANG_WARN_NON_LITERAL_NULL_CONVERSION = YES;
				CLANG_WARN_OBJC_IMPLICIT_RETAIN_SELF = YES;
				CLANG_WARN_OBJC_LITERAL_CONVERSION = YES;
				CLANG_WARN_OBJC_ROOT_CLASS = YES_ERROR;
				CLANG_WARN_RANGE_LOOP_ANALYSIS = YES;
				CLANG_WARN_STRICT_PROTOTYPES = YES;
				CLANG_WARN_SUSPICIOUS_MOVE = YES;
				CLANG_WARN_UNGUARDED_AVAILABILITY = YES_AGGRESSIVE;
				CLANG_WARN_UNREACHABLE_CODE = YES;
				CLANG_WARN__DUPLICATE_METHOD_MATCH = YES;
				CODE_SIGN_IDENTITY = "iPhone Developer";
				COPY_PHASE_STRIP = NO;
				DEBUG_INFORMATION_FORMAT = dwarf;
				ENABLE_STRICT_OBJC_MSGSEND = YES;
				ENABLE_TESTABILITY = YES;
				GCC_C_LANGUAGE_STANDARD = gnu11;
				GCC_DYNAMIC_NO_PIC = NO;
				GCC_NO_COMMON_BLOCKS = YES;
				GCC_OPTIMIZATION_LEVEL = 0;
				GCC_PREPROCESSOR_DEFINITIONS = (
					"DEBUG=1",
					"$(inherited)",
				);
				GCC_WARN_64_TO_32_BIT_CONVERSION = YES;
				GCC_WARN_ABOUT_RETURN_TYPE = YES_ERROR;
				GCC_WARN_UNDECLARED_SELECTOR = YES;
				GCC_WARN_UNINITIALIZED_AUTOS = YES_AGGRESSIVE;
				GCC_WARN_UNUSED_FUNCTION = YES;
				GCC_WARN_UNUSED_VARIABLE = YES;
				IPHONEOS_DEPLOYMENT_TARGET = 12.1;
				MTL_ENABLE_DEBUG_INFO = INCLUDE_SOURCE;
				MTL_FAST_MATH = YES;
				ONLY_ACTIVE_ARCH = YES;
				SDKROOT = iphoneos;
				SWIFT_ACTIVE_COMPILATION_CONDITIONS = DEBUG;
				SWIFT_OPTIMIZATION_LEVEL = "-Onone";
			};
			name = Debug;
		};
		16F7A63C2203D95B008B4C40 /* Release */ = {
			isa = XCBuildConfiguration;
			buildSettings = {
				ALWAYS_SEARCH_USER_PATHS = NO;
				CLANG_ANALYZER_NONNULL = YES;
				CLANG_ANALYZER_NUMBER_OBJECT_CONVERSION = YES_AGGRESSIVE;
				CLANG_CXX_LANGUAGE_STANDARD = "gnu++14";
				CLANG_CXX_LIBRARY = "libc++";
				CLANG_ENABLE_MODULES = YES;
				CLANG_ENABLE_OBJC_ARC = YES;
				CLANG_ENABLE_OBJC_WEAK = YES;
				CLANG_WARN_BLOCK_CAPTURE_AUTORELEASING = YES;
				CLANG_WARN_BOOL_CONVERSION = YES;
				CLANG_WARN_COMMA = YES;
				CLANG_WARN_CONSTANT_CONVERSION = YES;
				CLANG_WARN_DEPRECATED_OBJC_IMPLEMENTATIONS = YES;
				CLANG_WARN_DIRECT_OBJC_ISA_USAGE = YES_ERROR;
				CLANG_WARN_DOCUMENTATION_COMMENTS = YES;
				CLANG_WARN_EMPTY_BODY = YES;
				CLANG_WARN_ENUM_CONVERSION = YES;
				CLANG_WARN_INFINITE_RECURSION = YES;
				CLANG_WARN_INT_CONVERSION = YES;
				CLANG_WARN_NON_LITERAL_NULL_CONVERSION = YES;
				CLANG_WARN_OBJC_IMPLICIT_RETAIN_SELF = YES;
				CLANG_WARN_OBJC_LITERAL_CONVERSION = YES;
				CLANG_WARN_OBJC_ROOT_CLASS = YES_ERROR;
				CLANG_WARN_RANGE_LOOP_ANALYSIS = YES;
				CLANG_WARN_STRICT_PROTOTYPES = YES;
				CLANG_WARN_SUSPICIOUS_MOVE = YES;
				CLANG_WARN_UNGUARDED_AVAILABILITY = YES_AGGRESSIVE;
				CLANG_WARN_UNREACHABLE_CODE = YES;
				CLANG_WARN__DUPLICATE_METHOD_MATCH = YES;
				CODE_SIGN_IDENTITY = "iPhone Developer";
				COPY_PHASE_STRIP = NO;
				DEBUG_INFORMATION_FORMAT = "dwarf-with-dsym";
				ENABLE_NS_ASSERTIONS = NO;
				ENABLE_STRICT_OBJC_MSGSEND = YES;
				GCC_C_LANGUAGE_STANDARD = gnu11;
				GCC_NO_COMMON_BLOCKS = YES;
				GCC_WARN_64_TO_32_BIT_CONVERSION = YES;
				GCC_WARN_ABOUT_RETURN_TYPE = YES_ERROR;
				GCC_WARN_UNDECLARED_SELECTOR = YES;
				GCC_WARN_UNINITIALIZED_AUTOS = YES_AGGRESSIVE;
				GCC_WARN_UNUSED_FUNCTION = YES;
				GCC_WARN_UNUSED_VARIABLE = YES;
				IPHONEOS_DEPLOYMENT_TARGET = 12.1;
				MTL_ENABLE_DEBUG_INFO = NO;
				MTL_FAST_MATH = YES;
				SDKROOT = iphoneos;
				SWIFT_COMPILATION_MODE = wholemodule;
				SWIFT_OPTIMIZATION_LEVEL = "-O";
				VALIDATE_PRODUCT = YES;
			};
			name = Release;
		};
		16F7A63E2203D95B008B4C40 /* Debug */ = {
			isa = XCBuildConfiguration;
			buildSettings = {
				ASSETCATALOG_COMPILER_APPICON_NAME = AppIcon;
				CLANG_ENABLE_MODULES = YES;
				CODE_SIGN_STYLE = Automatic;
				DEFINES_MODULE = YES;
				INFOPLIST_FILE = "cuenta-bancaria-lib/Info.plist";
				LD_RUNPATH_SEARCH_PATHS = (
					"$(inherited)",
					"@executable_path/Frameworks",
				);
				PRODUCT_BUNDLE_IDENTIFIER = "com.mercadolibre.cuenta-bancaria-lib.cuenta-bancaria-lib";
				PRODUCT_NAME = "$(TARGET_NAME)";
				SWIFT_OPTIMIZATION_LEVEL = "-Onone";
				SWIFT_VERSION = 4.2;
				TARGETED_DEVICE_FAMILY = "1,2";
			};
			name = Debug;
		};
		16F7A63F2203D95B008B4C40 /* Release */ = {
			isa = XCBuildConfiguration;
			buildSettings = {
				ASSETCATALOG_COMPILER_APPICON_NAME = AppIcon;
				CLANG_ENABLE_MODULES = YES;
				CODE_SIGN_STYLE = Automatic;
				DEFINES_MODULE = YES;
				INFOPLIST_FILE = "cuenta-bancaria-lib/Info.plist";
				LD_RUNPATH_SEARCH_PATHS = (
					"$(inherited)",
					"@executable_path/Frameworks",
				);
				PRODUCT_BUNDLE_IDENTIFIER = "com.mercadolibre.cuenta-bancaria-lib.cuenta-bancaria-lib";
				PRODUCT_NAME = "$(TARGET_NAME)";
				SWIFT_VERSION = 4.2;
				TARGETED_DEVICE_FAMILY = "1,2";
			};
			name = Release;
		};
		16F7A6412203D95B008B4C40 /* Debug */ = {
			isa = XCBuildConfiguration;
			buildSettings = {
				ALWAYS_EMBED_SWIFT_STANDARD_LIBRARIES = YES;
				BUNDLE_LOADER = "$(TEST_HOST)";
				CODE_SIGN_STYLE = Automatic;
				INFOPLIST_FILE = "cuenta-bancaria-libTests/Info.plist";
				LD_RUNPATH_SEARCH_PATHS = (
					"$(inherited)",
					"@executable_path/Frameworks",
					"@loader_path/Frameworks",
				);
				PRODUCT_BUNDLE_IDENTIFIER = "com.mercadolibre.cuenta-bancaria-lib.cuenta-bancaria-libTests";
				PRODUCT_NAME = "$(TARGET_NAME)";
				SWIFT_VERSION = 4.2;
				TARGETED_DEVICE_FAMILY = "1,2";
				TEST_HOST = "$(BUILT_PRODUCTS_DIR)/cuenta-bancaria-lib.app/cuenta-bancaria-lib";
			};
			name = Debug;
		};
		16F7A6422203D95B008B4C40 /* Release */ = {
			isa = XCBuildConfiguration;
			buildSettings = {
				ALWAYS_EMBED_SWIFT_STANDARD_LIBRARIES = YES;
				BUNDLE_LOADER = "$(TEST_HOST)";
				CODE_SIGN_STYLE = Automatic;
				INFOPLIST_FILE = "cuenta-bancaria-libTests/Info.plist";
				LD_RUNPATH_SEARCH_PATHS = (
					"$(inherited)",
					"@executable_path/Frameworks",
					"@loader_path/Frameworks",
				);
				PRODUCT_BUNDLE_IDENTIFIER = "com.mercadolibre.cuenta-bancaria-lib.cuenta-bancaria-libTests";
				PRODUCT_NAME = "$(TARGET_NAME)";
				SWIFT_VERSION = 4.2;
				TARGETED_DEVICE_FAMILY = "1,2";
				TEST_HOST = "$(BUILT_PRODUCTS_DIR)/cuenta-bancaria-lib.app/cuenta-bancaria-lib";
			};
			name = Release;
		};
		16F7A6442203D95B008B4C40 /* Debug */ = {
			isa = XCBuildConfiguration;
			buildSettings = {
				ALWAYS_EMBED_SWIFT_STANDARD_LIBRARIES = YES;
				CODE_SIGN_STYLE = Automatic;
				INFOPLIST_FILE = "cuenta-bancaria-libUITests/Info.plist";
				LD_RUNPATH_SEARCH_PATHS = (
					"$(inherited)",
					"@executable_path/Frameworks",
					"@loader_path/Frameworks",
				);
				PRODUCT_BUNDLE_IDENTIFIER = "com.mercadolibre.cuenta-bancaria-lib.cuenta-bancaria-libUITests";
				PRODUCT_NAME = "$(TARGET_NAME)";
				SWIFT_VERSION = 4.2;
				TARGETED_DEVICE_FAMILY = "1,2";
				TEST_TARGET_NAME = "cuenta-bancaria-lib";
			};
			name = Debug;
		};
		16F7A6452203D95B008B4C40 /* Release */ = {
			isa = XCBuildConfiguration;
			buildSettings = {
				ALWAYS_EMBED_SWIFT_STANDARD_LIBRARIES = YES;
				CODE_SIGN_STYLE = Automatic;
				INFOPLIST_FILE = "cuenta-bancaria-libUITests/Info.plist";
				LD_RUNPATH_SEARCH_PATHS = (
					"$(inherited)",
					"@executable_path/Frameworks",
					"@loader_path/Frameworks",
				);
				PRODUCT_BUNDLE_IDENTIFIER = "com.mercadolibre.cuenta-bancaria-lib.cuenta-bancaria-libUITests";
				PRODUCT_NAME = "$(TARGET_NAME)";
				SWIFT_VERSION = 4.2;
				TARGETED_DEVICE_FAMILY = "1,2";
				TEST_TARGET_NAME = "cuenta-bancaria-lib";
			};
			name = Release;
		};
/* End XCBuildConfiguration section */

/* Begin XCConfigurationList section */
		16F7A6102203D958008B4C40 /* Build configuration list for PBXProject "cuenta-bancaria-lib" */ = {
			isa = XCConfigurationList;
			buildConfigurations = (
				16F7A63B2203D95B008B4C40 /* Debug */,
				16F7A63C2203D95B008B4C40 /* Release */,
			);
			defaultConfigurationIsVisible = 0;
			defaultConfigurationName = Release;
		};
		16F7A63D2203D95B008B4C40 /* Build configuration list for PBXNativeTarget "cuenta-bancaria-lib" */ = {
			isa = XCConfigurationList;
			buildConfigurations = (
				16F7A63E2203D95B008B4C40 /* Debug */,
				16F7A63F2203D95B008B4C40 /* Release */,
			);
			defaultConfigurationIsVisible = 0;
			defaultConfigurationName = Release;
		};
		16F7A6402203D95B008B4C40 /* Build configuration list for PBXNativeTarget "cuenta-bancaria-libTests" */ = {
			isa = XCConfigurationList;
			buildConfigurations = (
				16F7A6412203D95B008B4C40 /* Debug */,
				16F7A6422203D95B008B4C40 /* Release */,
			);
			defaultConfigurationIsVisible = 0;
			defaultConfigurationName = Release;
		};
		16F7A6432203D95B008B4C40 /* Build configuration list for PBXNativeTarget "cuenta-bancaria-libUITests" */ = {
			isa = XCConfigurationList;
			buildConfigurations = (
				16F7A6442203D95B008B4C40 /* Debug */,
				16F7A6452203D95B008B4C40 /* Release */,
			);
			defaultConfigurationIsVisible = 0;
			defaultConfigurationName = Release;
		};
/* End XCConfigurationList section */
	};
	rootObject = 16F7A60D2203D958008B4C40 /* Project object */;
}
